
Microsoft Visual Studio Solution File, Format Version 11.00
# Visual Studio 2010
Project("{FAE04EC0-301F-11D3-BF4B-00C04F79EFBC}") = "CpuUsageService", "CpuUsageService\CpuUsageService.csproj", "{1FAEF91B-6987-4A16-B20F-2F74AEBFC263}"
EndProject
Global
	GlobalSection(SolutionConfigurationPlatforms) = preSolution
		Debug|x86 = Debug|x86
		Release|x86 = Release|x86
	EndGlobalSection
	GlobalSection(ProjectConfigurationPlatforms) = postSolution
		{1FAEF91B-6987-4A16-B20F-2F74AEBFC263}.Debug|x86.ActiveCfg = Debug|x86
		{1FAEF91B-6987-4A16-B20F-2F74AEBFC263}.Debug|x86.Build.0 = Debug|x86
		{1FAEF91B-6987-4A16-B20F-2F74AEBFC263}.Release|x86.ActiveCfg = Release|x86
		{1FAEF91B-6987-4A16-B20F-2F74AEBFC263}.Release|x86.Build.0 = Release|x86
	EndGlobalSection
	GlobalSection(SolutionProperties) = preSolution
		HideSolutionNode = FALSE
	EndGlobalSection
EndGlobal
